
Microsoft Visual Studio Solution File, Format Version 12.00
# Visual Studio Version 17
VisualStudioVersion = 17.0.32014.148
MinimumVisualStudioVersion = 10.0.40219.1
Project("{FAE04EC0-301F-11D3-BF4B-00C04F79EFBC}") = "Project", "Project\Project.csproj", "{FA769E17-CA4E-43FF-8B91-76821F1D4670}"
EndProject
Global
	GlobalSection(SolutionConfigurationPlatforms) = preSolution
		Debug|Any CPU = Debug|Any CPU
		Release|Any CPU = Release|Any CPU
	EndGlobalSection
	GlobalSection(ProjectConfigurationPlatforms) = postSolution
		{FA769E17-CA4E-43FF-8B91-76821F1D4670}.Debug|Any CPU.ActiveCfg = Debug|Any CPU
		{FA769E17-CA4E-43FF-8B91-76821F1D4670}.Debug|Any CPU.Build.0 = Debug|Any CPU
		{FA769E17-CA4E-43FF-8B91-76821F1D4670}.Release|Any CPU.ActiveCfg = Release|Any CPU
		{FA769E17-CA4E-43FF-8B91-76821F1D4670}.Release|Any CPU.Build.0 = Release|Any CPU
	EndGlobalSection
	GlobalSection(SolutionProperties) = preSolution
		HideSolutionNode = FALSE
	EndGlobalSection
	GlobalSection(ExtensibilityGlobals) = postSolution
		SolutionGuid = {D6A621FE-822F-43E9-8348-E1D18C134EE1}
	EndGlobalSection
EndGlobal
